
Microsoft Visual Studio Solution File, Format Version 12.00
# Visual Studio Version 17
VisualStudioVersion = 17.0.31903.59
MinimumVisualStudioVersion = 10.0.40219.1
Project("{2150E333-8FDC-42A3-9474-1A3956D46DE8}") = "src", "src", "{4CF255F4-7DA4-4AE9-BF3A-BDFE7FB69ED3}"
EndProject
Project("{FAE04EC0-301F-11D3-BF4B-00C04F79EFBC}") = "Testcontainers.Spire", "src\Testcontainers.Spire\Testcontainers.Spire.csproj", "{82F9E6CE-4F08-49CA-AA0A-5104574BFECD}"
EndProject
Project("{FAE04EC0-301F-11D3-BF4B-00C04F79EFBC}") = "Testcontainers.Client", "src\Testcontainers.Client\Testcontainers.Client.csproj", "{DEC66536-DE82-4794-BAB8-2E0B6F058E95}"
EndProject
Global
	GlobalSection(SolutionConfigurationPlatforms) = preSolution
		Debug|Any CPU = Debug|Any CPU
		Release|Any CPU = Release|Any CPU
	EndGlobalSection
	GlobalSection(SolutionProperties) = preSolution
		HideSolutionNode = FALSE
	EndGlobalSection
	GlobalSection(ProjectConfigurationPlatforms) = postSolution
		{82F9E6CE-4F08-49CA-AA0A-5104574BFECD}.Debug|Any CPU.ActiveCfg = Debug|Any CPU
		{82F9E6CE-4F08-49CA-AA0A-5104574BFECD}.Debug|Any CPU.Build.0 = Debug|Any CPU
		{82F9E6CE-4F08-49CA-AA0A-5104574BFECD}.Release|Any CPU.ActiveCfg = Release|Any CPU
		{82F9E6CE-4F08-49CA-AA0A-5104574BFECD}.Release|Any CPU.Build.0 = Release|Any CPU
		{DEC66536-DE82-4794-BAB8-2E0B6F058E95}.Debug|Any CPU.ActiveCfg = Debug|Any CPU
		{DEC66536-DE82-4794-BAB8-2E0B6F058E95}.Debug|Any CPU.Build.0 = Debug|Any CPU
		{DEC66536-DE82-4794-BAB8-2E0B6F058E95}.Release|Any CPU.ActiveCfg = Release|Any CPU
		{DEC66536-DE82-4794-BAB8-2E0B6F058E95}.Release|Any CPU.Build.0 = Release|Any CPU
	EndGlobalSection
	GlobalSection(NestedProjects) = preSolution
		{82F9E6CE-4F08-49CA-AA0A-5104574BFECD} = {4CF255F4-7DA4-4AE9-BF3A-BDFE7FB69ED3}
		{DEC66536-DE82-4794-BAB8-2E0B6F058E95} = {4CF255F4-7DA4-4AE9-BF3A-BDFE7FB69ED3}
	EndGlobalSection
EndGlobal
